
Microsoft Visual Studio Solution File, Format Version 12.00
# Visual Studio Version 16
VisualStudioVersion = 16.0.30907.101
MinimumVisualStudioVersion = 10.0.40219.1
Project("{FAE04EC0-301F-11D3-BF4B-00C04F79EFBC}") = "ProyectoSitio", "ProyectoSitio\ProyectoSitio.csproj", "{6977E8F7-853C-40D5-980C-B5C8BCED3E20}"
EndProject
Global
	GlobalSection(SolutionConfigurationPlatforms) = preSolution
		Debug|Any CPU = Debug|Any CPU
		Release|Any CPU = Release|Any CPU
	EndGlobalSection
	GlobalSection(ProjectConfigurationPlatforms) = postSolution
		{6977E8F7-853C-40D5-980C-B5C8BCED3E20}.Debug|Any CPU.ActiveCfg = Debug|Any CPU
		{6977E8F7-853C-40D5-980C-B5C8BCED3E20}.Debug|Any CPU.Build.0 = Debug|Any CPU
		{6977E8F7-853C-40D5-980C-B5C8BCED3E20}.Release|Any CPU.ActiveCfg = Release|Any CPU
		{6977E8F7-853C-40D5-980C-B5C8BCED3E20}.Release|Any CPU.Build.0 = Release|Any CPU
	EndGlobalSection
	GlobalSection(SolutionProperties) = preSolution
		HideSolutionNode = FALSE
	EndGlobalSection
	GlobalSection(ExtensibilityGlobals) = postSolution
		SolutionGuid = {13C1307C-6918-4FB5-92AB-F546F76928E2}
	EndGlobalSection
EndGlobal
